
Microsoft Visual Studio Solution File, Format Version 12.00
# Visual Studio 14
VisualStudioVersion = 14.0.25420.1
MinimumVisualStudioVersion = 10.0.40219.1
Project("{2150E333-8FDC-42A3-9474-1A3956D46DE8}") = "1 - Presentation", "1 - Presentation", "{6AAB8A9B-578F-484B-95AB-66AB705D9869}"
EndProject
Project("{2150E333-8FDC-42A3-9474-1A3956D46DE8}") = "2 - Services", "2 - Services", "{BB55387B-48F6-4C48-A846-25B53B629176}"
EndProject
Project("{2150E333-8FDC-42A3-9474-1A3956D46DE8}") = "6 - Tests", "6 - Tests", "{C032051E-F1A6-4EA7-80C9-E9B241DB004C}"
EndProject
Project("{2150E333-8FDC-42A3-9474-1A3956D46DE8}") = "4 - Domain", "4 - Domain", "{588A52AA-6F59-49E9-A417-C5ACAF9E5C18}"
EndProject
Project("{2150E333-8FDC-42A3-9474-1A3956D46DE8}") = "5 - Infra", "5 - Infra", "{EFEFFA1E-8C5D-499A-A5C2-870340FB7175}"
EndProject
Project("{2150E333-8FDC-42A3-9474-1A3956D46DE8}") = "5.1 - Data", "5.1 - Data", "{8801B33B-5E09-45DD-86EC-45EA31F11E2C}"
EndProject
Project("{2150E333-8FDC-42A3-9474-1A3956D46DE8}") = "5.2 - CrossCutting", "5.2 - CrossCutting", "{27F7C8A0-361C-4405-94C7-DA2C58ACD5D1}"
EndProject
Project("{2150E333-8FDC-42A3-9474-1A3956D46DE8}") = "IoC", "IoC", "{0AFB7E39-C80F-4D27-A39B-053E4CBEAD6D}"
EndProject
Project("{FAE04EC0-301F-11D3-BF4B-00C04F79EFBC}") = "LivrariaEntity", "1 - Presentation\LivrariaEntity\LivrariaEntity.csproj", "{EAA708C8-F9F7-44B7-96BC-2B0ADBAD9960}"
EndProject
Project("{FAE04EC0-301F-11D3-BF4B-00C04F79EFBC}") = "LivrariaApi", "2 - Services\LivrariaApi\LivrariaApi.csproj", "{EDF6FDDA-B76E-46EA-90AC-704867B75B06}"
EndProject
Project("{FAE04EC0-301F-11D3-BF4B-00C04F79EFBC}") = "LivrariaTestes", "6 - Tests\LivrariaTestes\LivrariaTestes.csproj", "{6C15BFC4-BE92-4E29-AD48-4E0592545DAB}"
EndProject
Project("{FAE04EC0-301F-11D3-BF4B-00C04F79EFBC}") = "LivrariaMvc.Infra.Data", "5 - Infra\5.1 - Data\LivrariaMvc.Infra.Data\LivrariaMvc.Infra.Data.csproj", "{50FF83A8-3773-41DF-BF1A-6C83B6297828}"
EndProject
Project("{FAE04EC0-301F-11D3-BF4B-00C04F79EFBC}") = "LivrariaMvc.Domain", "4 - Domain\LivrariaMvc.Domain\LivrariaMvc.Domain.csproj", "{67A5FAF1-7BA5-4CAF-BF98-94FC97CF7579}"
EndProject
Project("{FAE04EC0-301F-11D3-BF4B-00C04F79EFBC}") = "LivrariaMvc.Infra.CrossCutting", "5 - Infra\5.2 - CrossCutting\LivrariaMvc.Infra.CrossCutting\LivrariaMvc.Infra.CrossCutting.csproj", "{5A1366FC-3FB0-4CF7-A4AF-1AF718B1978A}"
EndProject
Global
	GlobalSection(SolutionConfigurationPlatforms) = preSolution
		Debug|Any CPU = Debug|Any CPU
		Release|Any CPU = Release|Any CPU
	EndGlobalSection
	GlobalSection(ProjectConfigurationPlatforms) = postSolution
		{EAA708C8-F9F7-44B7-96BC-2B0ADBAD9960}.Debug|Any CPU.ActiveCfg = Debug|Any CPU
		{EAA708C8-F9F7-44B7-96BC-2B0ADBAD9960}.Debug|Any CPU.Build.0 = Debug|Any CPU
		{EAA708C8-F9F7-44B7-96BC-2B0ADBAD9960}.Release|Any CPU.ActiveCfg = Release|Any CPU
		{EAA708C8-F9F7-44B7-96BC-2B0ADBAD9960}.Release|Any CPU.Build.0 = Release|Any CPU
		{EDF6FDDA-B76E-46EA-90AC-704867B75B06}.Debug|Any CPU.ActiveCfg = Debug|Any CPU
		{EDF6FDDA-B76E-46EA-90AC-704867B75B06}.Debug|Any CPU.Build.0 = Debug|Any CPU
		{EDF6FDDA-B76E-46EA-90AC-704867B75B06}.Release|Any CPU.ActiveCfg = Release|Any CPU
		{EDF6FDDA-B76E-46EA-90AC-704867B75B06}.Release|Any CPU.Build.0 = Release|Any CPU
		{6C15BFC4-BE92-4E29-AD48-4E0592545DAB}.Debug|Any CPU.ActiveCfg = Debug|Any CPU
		{6C15BFC4-BE92-4E29-AD48-4E0592545DAB}.Debug|Any CPU.Build.0 = Debug|Any CPU
		{6C15BFC4-BE92-4E29-AD48-4E0592545DAB}.Release|Any CPU.ActiveCfg = Release|Any CPU
		{6C15BFC4-BE92-4E29-AD48-4E0592545DAB}.Release|Any CPU.Build.0 = Release|Any CPU
		{50FF83A8-3773-41DF-BF1A-6C83B6297828}.Debug|Any CPU.ActiveCfg = Debug|Any CPU
		{50FF83A8-3773-41DF-BF1A-6C83B6297828}.Debug|Any CPU.Build.0 = Debug|Any CPU
		{50FF83A8-3773-41DF-BF1A-6C83B6297828}.Release|Any CPU.ActiveCfg = Release|Any CPU
		{50FF83A8-3773-41DF-BF1A-6C83B6297828}.Release|Any CPU.Build.0 = Release|Any CPU
		{67A5FAF1-7BA5-4CAF-BF98-94FC97CF7579}.Debug|Any CPU.ActiveCfg = Debug|Any CPU
		{67A5FAF1-7BA5-4CAF-BF98-94FC97CF7579}.Debug|Any CPU.Build.0 = Debug|Any CPU
		{67A5FAF1-7BA5-4CAF-BF98-94FC97CF7579}.Release|Any CPU.ActiveCfg = Release|Any CPU
		{67A5FAF1-7BA5-4CAF-BF98-94FC97CF7579}.Release|Any CPU.Build.0 = Release|Any CPU
		{5A1366FC-3FB0-4CF7-A4AF-1AF718B1978A}.Debug|Any CPU.ActiveCfg = Debug|Any CPU
		{5A1366FC-3FB0-4CF7-A4AF-1AF718B1978A}.Debug|Any CPU.Build.0 = Debug|Any CPU
		{5A1366FC-3FB0-4CF7-A4AF-1AF718B1978A}.Release|Any CPU.ActiveCfg = Release|Any CPU
		{5A1366FC-3FB0-4CF7-A4AF-1AF718B1978A}.Release|Any CPU.Build.0 = Release|Any CPU
	EndGlobalSection
	GlobalSection(SolutionProperties) = preSolution
		HideSolutionNode = FALSE
	EndGlobalSection
	GlobalSection(NestedProjects) = preSolution
		{8801B33B-5E09-45DD-86EC-45EA31F11E2C} = {EFEFFA1E-8C5D-499A-A5C2-870340FB7175}
		{27F7C8A0-361C-4405-94C7-DA2C58ACD5D1} = {EFEFFA1E-8C5D-499A-A5C2-870340FB7175}
		{0AFB7E39-C80F-4D27-A39B-053E4CBEAD6D} = {27F7C8A0-361C-4405-94C7-DA2C58ACD5D1}
		{EAA708C8-F9F7-44B7-96BC-2B0ADBAD9960} = {6AAB8A9B-578F-484B-95AB-66AB705D9869}
		{EDF6FDDA-B76E-46EA-90AC-704867B75B06} = {BB55387B-48F6-4C48-A846-25B53B629176}
		{6C15BFC4-BE92-4E29-AD48-4E0592545DAB} = {C032051E-F1A6-4EA7-80C9-E9B241DB004C}
		{50FF83A8-3773-41DF-BF1A-6C83B6297828} = {8801B33B-5E09-45DD-86EC-45EA31F11E2C}
		{67A5FAF1-7BA5-4CAF-BF98-94FC97CF7579} = {588A52AA-6F59-49E9-A417-C5ACAF9E5C18}
		{5A1366FC-3FB0-4CF7-A4AF-1AF718B1978A} = {0AFB7E39-C80F-4D27-A39B-053E4CBEAD6D}
	EndGlobalSection
EndGlobal
