
Microsoft Visual Studio Solution File, Format Version 12.00
# Visual Studio 14
VisualStudioVersion = 14.0.25420.1
MinimumVisualStudioVersion = 10.0.40219.1
Project("{FAE04EC0-301F-11D3-BF4B-00C04F79EFBC}") = "MVCSimpleInjectorDemo", "MVCSimpleInjectorDemo\MVCSimpleInjectorDemo.csproj", "{2FCC09F5-C929-4FBC-9E32-D8D5193379B0}"
EndProject
Project("{2150E333-8FDC-42A3-9474-1A3956D46DE8}") = "Solution Items", "Solution Items", "{2F6D3BF6-EC01-4C5C-87B0-C9343FE4DEC5}"
	ProjectSection(SolutionItems) = preProject
		..\..\..\..\APPDATA\LOCAL\MICROSOFT\VISUALSTUDIO\14.0\EXTENSIONS\YYKVVAZ5.AKT\description.html = ..\..\..\..\APPDATA\LOCAL\MICROSOFT\VISUALSTUDIO\14.0\EXTENSIONS\YYKVVAZ5.AKT\description.html
	EndProjectSection
EndProject
Global
	GlobalSection(SolutionConfigurationPlatforms) = preSolution
		Debug|Any CPU = Debug|Any CPU
		Release|Any CPU = Release|Any CPU
	EndGlobalSection
	GlobalSection(ProjectConfigurationPlatforms) = postSolution
		{2FCC09F5-C929-4FBC-9E32-D8D5193379B0}.Debug|Any CPU.ActiveCfg = Debug|Any CPU
		{2FCC09F5-C929-4FBC-9E32-D8D5193379B0}.Debug|Any CPU.Build.0 = Debug|Any CPU
		{2FCC09F5-C929-4FBC-9E32-D8D5193379B0}.Release|Any CPU.ActiveCfg = Release|Any CPU
		{2FCC09F5-C929-4FBC-9E32-D8D5193379B0}.Release|Any CPU.Build.0 = Release|Any CPU
	EndGlobalSection
	GlobalSection(SolutionProperties) = preSolution
		HideSolutionNode = FALSE
	EndGlobalSection
EndGlobal
